
Microsoft Visual Studio Solution File, Format Version 12.00
# Visual Studio 15
VisualStudioVersion = 15.0.27703.2026
MinimumVisualStudioVersion = 10.0.40219.1
Project("{FAE04EC0-301F-11D3-BF4B-00C04F79EFBC}") = "Fire-and-Forget.Console", "Fire-and-Forget.Console\Fire-and-Forget.Console.csproj", "{3C6607D4-F3FF-41DE-840E-FBFECA706030}"
EndProject
Global
	GlobalSection(SolutionConfigurationPlatforms) = preSolution
		Debug|Any CPU = Debug|Any CPU
		Release|Any CPU = Release|Any CPU
	EndGlobalSection
	GlobalSection(ProjectConfigurationPlatforms) = postSolution
		{3C6607D4-F3FF-41DE-840E-FBFECA706030}.Debug|Any CPU.ActiveCfg = Debug|Any CPU
		{3C6607D4-F3FF-41DE-840E-FBFECA706030}.Debug|Any CPU.Build.0 = Debug|Any CPU
		{3C6607D4-F3FF-41DE-840E-FBFECA706030}.Release|Any CPU.ActiveCfg = Release|Any CPU
		{3C6607D4-F3FF-41DE-840E-FBFECA706030}.Release|Any CPU.Build.0 = Release|Any CPU
	EndGlobalSection
	GlobalSection(SolutionProperties) = preSolution
		HideSolutionNode = FALSE
	EndGlobalSection
	GlobalSection(ExtensibilityGlobals) = postSolution
		SolutionGuid = {C16BE456-1625-4217-A876-A3F78D74C526}
	EndGlobalSection
EndGlobal
